golang.org/x/crypto v0.10.0 h1:LKqV2xt9+kDzSTfOhx4FrkEBcMrAgHSYgzywV9zcGmM=
golang.org/x/crypto v0.10.0/go.mod h1:o4eNf7Ede1fv+hwOwZsTHl9EsPFO6q6ZvYR8vYfY45I=
golang.org/x/exp v0.0.0-20230626212559-97b1e661b5df h1:UA2aFVmmsIlefxMk29Dp2juaUSth8Pyn3Tq5Y5mJGME=
golang.org/x/exp v0.0.0-20230626212559-97b1e661b5df/go.mod h1:FXUEEKJgO7OQYeo8N01OfiKP8RXMtf6e8aTskBGqWdc=
